// !$*UTF8*$!
{
	archiveVersion = 1;
	classes = {
	};
	objectVersion = 48;
	objects = {

/* Begin PBXBuildFile section */
		9036BA4B203746930067C4CE /* CompanyListModels.xcdatamodeld in Sources */ = {isa = PBXBuildFile; fileRef = 9036BA48203745E60067C4CE /* CompanyListModels.xcdatamodeld */; };
		9036BA4D2037508A0067C4CE /* CoreDataManager.swift in Sources */ = {isa = PBXBuildFile; fileRef = 9036BA4C2037508A0067C4CE /* CoreDataManager.swift */; };
		9054C24220450A8100AA62B6 /* CompanyCell.swift in Sources */ = {isa = PBXBuildFile; fileRef = 9054C24120450A8100AA62B6 /* CompanyCell.swift */; };
		9054C245204511C000AA62B6 /* CompaniesController+CreateCompanyDelegate.swift in Sources */ = {isa = PBXBuildFile; fileRef = 9054C244204511C000AA62B6 /* CompaniesController+CreateCompanyDelegate.swift */; };
		9054C2472045129400AA62B6 /* CompaniesController+UITableViewDelegate.swift in Sources */ = {isa = PBXBuildFile; fileRef = 9054C2462045129400AA62B6 /* CompaniesController+UITableViewDelegate.swift */; };
		908A5DDF20364E400039A0B8 /* AppDelegate.swift in Sources */ = {isa = PBXBuildFile; fileRef = 908A5DDE20364E400039A0B8 /* AppDelegate.swift */; };
		908A5DE120364E400039A0B8 /* CompaniesController.swift in Sources */ = {isa = PBXBuildFile; fileRef = 908A5DE020364E400039A0B8 /* CompaniesController.swift */; };
		908A5DE420364E400039A0B8 /* Main.storyboard in Resources */ = {isa = PBXBuildFile; fileRef = 908A5DE220364E400039A0B8 /* Main.storyboard */; };
		908A5DE620364E400039A0B8 /* Assets.xcassets in Resources */ = {isa = PBXBuildFile; fileRef = 908A5DE520364E400039A0B8 /* Assets.xcassets */; };
		908A5DE920364E400039A0B8 /* LaunchScreen.storyboard in Resources */ = {isa = PBXBuildFile; fileRef = 908A5DE720364E400039A0B8 /* LaunchScreen.storyboard */; };
		908A5DF1203652670039A0B8 /* CustomNavigationController.swift in Sources */ = {isa = PBXBuildFile; fileRef = 908A5DF0203652670039A0B8 /* CustomNavigationController.swift */; };
		908A5DF3203658C00039A0B8 /* UIColor+Theme.swift in Sources */ = {isa = PBXBuildFile; fileRef = 908A5DF2203658C00039A0B8 /* UIColor+Theme.swift */; };
		908A5DF720365F270039A0B8 /* CreateCompanyController.swift in Sources */ = {isa = PBXBuildFile; fileRef = 908A5DF620365F270039A0B8 /* CreateCompanyController.swift */; };
		90C2D7B7204AF6E200CCA575 /* EmployeesController.swift in Sources */ = {isa = PBXBuildFile; fileRef = 90C2D7B6204AF6E200CCA575 /* EmployeesController.swift */; };
		90C2D7BA204AF8C000CCA575 /* UIViewController+Utilities.swift in Sources */ = {isa = PBXBuildFile; fileRef = 90C2D7B9204AF8C000CCA575 /* UIViewController+Utilities.swift */; };
		90C2D7BC204AF98000CCA575 /* CreateEmployeeController.swift in Sources */ = {isa = PBXBuildFile; fileRef = 90C2D7BB204AF98000CCA575 /* CreateEmployeeController.swift */; };
/* End PBXBuildFile section */

/* Begin PBXFileReference section */
		9036BA49203745E60067C4CE /* CompanyListModels.xcdatamodel */ = {isa = PBXFileReference; lastKnownFileType = wrapper.xcdatamodel; path = CompanyListModels.xcdatamodel; sourceTree = "<group>"; };
		9036BA4C2037508A0067C4CE /* CoreDataManager.swift */ = {isa = PBXFileReference; lastKnownFileType = sourcecode.swift; path = CoreDataManager.swift; sourceTree = "<group>"; };
		9054C24120450A8100AA62B6 /* CompanyCell.swift */ = {isa = PBXFileReference; lastKnownFileType = sourcecode.swift; path = CompanyCell.swift; sourceTree = "<group>"; };
		9054C244204511C000AA62B6 /* CompaniesController+CreateCompanyDelegate.swift */ = {isa = PBXFileReference; lastKnownFileType = sourcecode.swift; path = "CompaniesController+CreateCompanyDelegate.swift"; sourceTree = "<group>"; };
		9054C2462045129400AA62B6 /* CompaniesController+UITableViewDelegate.swift */ = {isa = PBXFileReference; lastKnownFileType = sourcecode.swift; path = "CompaniesController+UITableViewDelegate.swift"; sourceTree = "<group>"; };
		908A5DDB20364E400039A0B8 /* CompanyList.app */ = {isa = PBXFileReference; explicitFileType = wrapper.application; includeInIndex = 0; path = CompanyList.app; sourceTree = BUILT_PRODUCTS_DIR; };
		908A5DDE20364E400039A0B8 /* AppDelegate.swift */ = {isa = PBXFileReference; lastKnownFileType = sourcecode.swift; path = AppDelegate.swift; sourceTree = "<group>"; };
		908A5DE020364E400039A0B8 /* CompaniesController.swift */ = {isa = PBXFileReference; lastKnownFileType = sourcecode.swift; path = CompaniesController.swift; sourceTree = "<group>"; };
		908A5DE320364E400039A0B8 /* Base */ = {isa = PBXFileReference; lastKnownFileType = file.storyboard; name = Base; path = Base.lproj/Main.storyboard; sourceTree = "<group>"; };
		908A5DE520364E400039A0B8 /* Assets.xcassets */ = {isa = PBXFileReference; lastKnownFileType = folder.assetcatalog; path = Assets.xcassets; sourceTree = "<group>"; };
		908A5DE820364E400039A0B8 /* Base */ = {isa = PBXFileReference; lastKnownFileType = file.storyboard; name = Base; path = Base.lproj/LaunchScreen.storyboard; sourceTree = "<group>"; };
		908A5DEA20364E400039A0B8 /* Info.plist */ = {isa = PBXFileReference; lastKnownFileType = text.plist.xml; path = Info.plist; sourceTree = "<group>"; };
		908A5DF0203652670039A0B8 /* CustomNavigationController.swift */ = {isa = PBXFileReference; lastKnownFileType = sourcecode.swift; path = CustomNavigationController.swift; sourceTree = "<group>"; };
		908A5DF2203658C00039A0B8 /* UIColor+Theme.swift */ = {isa = PBXFileReference; lastKnownFileType = sourcecode.swift; path = "UIColor+Theme.swift"; sourceTree = "<group>"; };
		908A5DF620365F270039A0B8 /* CreateCompanyController.swift */ = {isa = PBXFileReference; lastKnownFileType = sourcecode.swift; path = CreateCompanyController.swift; sourceTree = "<group>"; };
		90C2D7B6204AF6E200CCA575 /* EmployeesController.swift */ = {isa = PBXFileReference; lastKnownFileType = sourcecode.swift; path = EmployeesController.swift; sourceTree = "<group>"; };
		90C2D7B9204AF8C000CCA575 /* UIViewController+Utilities.swift */ = {isa = PBXFileReference; lastKnownFileType = sourcecode.swift; path = "UIViewController+Utilities.swift"; sourceTree = "<group>"; };
		90C2D7BB204AF98000CCA575 /* CreateEmployeeController.swift */ = {isa = PBXFileReference; lastKnownFileType = sourcecode.swift; path = CreateEmployeeController.swift; sourceTree = "<group>"; };
/* End PBXFileReference section */

/* Begin PBXFrameworksBuildPhase section */
		908A5DD820364E400039A0B8 /* Frameworks */ = {
			isa = PBXFrameworksBuildPhase;
			buildActionMask = 2147483647;
			files = (
			);
			runOnlyForDeploymentPostprocessing = 0;
		};
/* End PBXFrameworksBuildPhase section */

/* Begin PBXGroup section */
		9054C24320450B5700AA62B6 /* Companies */ = {
			isa = PBXGroup;
			children = (
				908A5DE020364E400039A0B8 /* CompaniesController.swift */,
				9054C24120450A8100AA62B6 /* CompanyCell.swift */,
				9054C244204511C000AA62B6 /* CompaniesController+CreateCompanyDelegate.swift */,
				9054C2462045129400AA62B6 /* CompaniesController+UITableViewDelegate.swift */,
				908A5DF620365F270039A0B8 /* CreateCompanyController.swift */,
				90C2D7B6204AF6E200CCA575 /* EmployeesController.swift */,
				90C2D7BB204AF98000CCA575 /* CreateEmployeeController.swift */,
			);
			path = Companies;
			sourceTree = "<group>";
		};
		908A5DD220364E400039A0B8 = {
			isa = PBXGroup;
			children = (
				908A5DDD20364E400039A0B8 /* CompanyList */,
				908A5DDC20364E400039A0B8 /* Products */,
			);
			sourceTree = "<group>";
		};
		908A5DDC20364E400039A0B8 /* Products */ = {
			isa = PBXGroup;
			children = (
				908A5DDB20364E400039A0B8 /* CompanyList.app */,
			);
			name = Products;
			sourceTree = "<group>";
		};
		908A5DDD20364E400039A0B8 /* CompanyList */ = {
			isa = PBXGroup;
			children = (
				90C2D7B8204AF8AE00CCA575 /* Utilities */,
				9054C24320450B5700AA62B6 /* Companies */,
				908A5DDE20364E400039A0B8 /* AppDelegate.swift */,
				908A5DF0203652670039A0B8 /* CustomNavigationController.swift */,
				908A5DF2203658C00039A0B8 /* UIColor+Theme.swift */,
				908A5DE220364E400039A0B8 /* Main.storyboard */,
				908A5DE520364E400039A0B8 /* Assets.xcassets */,
				908A5DE720364E400039A0B8 /* LaunchScreen.storyboard */,
				908A5DEA20364E400039A0B8 /* Info.plist */,
				9036BA48203745E60067C4CE /* CompanyListModels.xcdatamodeld */,
				9036BA4C2037508A0067C4CE /* CoreDataManager.swift */,
			);
			path = CompanyList;
			sourceTree = "<group>";
		};
		90C2D7B8204AF8AE00CCA575 /* Utilities */ = {
			isa = PBXGroup;
			children = (
				90C2D7B9204AF8C000CCA575 /* UIViewController+Utilities.swift */,
			);
			path = Utilities;
			sourceTree = "<group>";
		};
/* End PBXGroup section */

/* Begin PBXNativeTarget section */
		908A5DDA20364E400039A0B8 /* CompanyList */ = {
			isa = PBXNativeTarget;
			buildConfigurationList = 908A5DED20364E400039A0B8 /* Build configuration list for PBXNativeTarget "CompanyList" */;
			buildPhases = (
				908A5DD720364E400039A0B8 /* Sources */,
				908A5DD820364E400039A0B8 /* Frameworks */,
				908A5DD920364E400039A0B8 /* Resources */,
			);
			buildRules = (
			);
			dependencies = (
			);
			name = CompanyList;
			productName = CompanyList;
			productReference = 908A5DDB20364E400039A0B8 /* CompanyList.app */;
			productType = "com.apple.product-type.application";
		};
/* End PBXNativeTarget section */

/* Begin PBXProject section */
		908A5DD320364E400039A0B8 /* Project object */ = {
			isa = PBXProject;
			attributes = {
				LastSwiftUpdateCheck = 0920;
				LastUpgradeCheck = 0920;
				ORGANIZATIONNAME = "Jonathan Kim";
				TargetAttributes = {
					908A5DDA20364E400039A0B8 = {
						CreatedOnToolsVersion = 9.2;
						ProvisioningStyle = Automatic;
					};
				};
			};
			buildConfigurationList = 908A5DD620364E400039A0B8 /* Build configuration list for PBXProject "CompanyList" */;
			compatibilityVersion = "Xcode 8.0";
			developmentRegion = en;
			hasScannedForEncodings = 0;
			knownRegions = (
				en,
				Base,
			);
			mainGroup = 908A5DD220364E400039A0B8;
			productRefGroup = 908A5DDC20364E400039A0B8 /* Products */;
			projectDirPath = "";
			projectRoot = "";
			targets = (
				908A5DDA20364E400039A0B8 /* CompanyList */,
			);
		};
/* End PBXProject section */

/* Begin PBXResourcesBuildPhase section */
		908A5DD920364E400039A0B8 /* Resources */ = {
			isa = PBXResourcesBuildPhase;
			buildActionMask = 2147483647;
			files = (
				908A5DE920364E400039A0B8 /* LaunchScreen.storyboard in Resources */,
				908A5DE620364E400039A0B8 /* Assets.xcassets in Resources */,
				908A5DE420364E400039A0B8 /* Main.storyboard in Resources */,
			);
			runOnlyForDeploymentPostprocessing = 0;
		};
/* End PBXResourcesBuildPhase section */

/* Begin PBXSourcesBuildPhase section */
		908A5DD720364E400039A0B8 /* Sources */ = {
			isa = PBXSourcesBuildPhase;
			buildActionMask = 2147483647;
			files = (
				908A5DF1203652670039A0B8 /* CustomNavigationController.swift in Sources */,
				908A5DF3203658C00039A0B8 /* UIColor+Theme.swift in Sources */,
				90C2D7BA204AF8C000CCA575 /* UIViewController+Utilities.swift in Sources */,
				908A5DE120364E400039A0B8 /* CompaniesController.swift in Sources */,
				9054C245204511C000AA62B6 /* CompaniesController+CreateCompanyDelegate.swift in Sources */,
				9054C2472045129400AA62B6 /* CompaniesController+UITableViewDelegate.swift in Sources */,
				9054C24220450A8100AA62B6 /* CompanyCell.swift in Sources */,
				90C2D7BC204AF98000CCA575 /* CreateEmployeeController.swift in Sources */,
				90C2D7B7204AF6E200CCA575 /* EmployeesController.swift in Sources */,
				9036BA4B203746930067C4CE /* CompanyListModels.xcdatamodeld in Sources */,
				908A5DDF20364E400039A0B8 /* AppDelegate.swift in Sources */,
				9036BA4D2037508A0067C4CE /* CoreDataManager.swift in Sources */,
				908A5DF720365F270039A0B8 /* CreateCompanyController.swift in Sources */,
			);
			runOnlyForDeploymentPostprocessing = 0;
		};
/* End PBXSourcesBuildPhase section */

/* Begin PBXVariantGroup section */
		908A5DE220364E400039A0B8 /* Main.storyboard */ = {
			isa = PBXVariantGroup;
			children = (
				908A5DE320364E400039A0B8 /* Base */,
			);
			name = Main.storyboard;
			sourceTree = "<group>";
		};
		908A5DE720364E400039A0B8 /* LaunchScreen.storyboard */ = {
			isa = PBXVariantGroup;
			children = (
				908A5DE820364E400039A0B8 /* Base */,
			);
			name = LaunchScreen.storyboard;
			sourceTree = "<group>";
		};
/* End PBXVariantGroup section */

/* Begin XCBuildConfiguration section */
		908A5DEB20364E400039A0B8 /* Debug */ = {
			isa = XCBuildConfiguration;
			buildSettings = {
				ALWAYS_SEARCH_USER_PATHS = NO;
				CLANG_ANALYZER_NONNULL = YES;
				CLANG_ANALYZER_NUMBER_OBJECT_CONVERSION = YES_AGGRESSIVE;
				CLANG_CXX_LANGUAGE_STANDARD = "gnu++14";
				CLANG_CXX_LIBRARY = "libc++";
				CLANG_ENABLE_MODULES = YES;
				CLANG_ENABLE_OBJC_ARC = YES;
				CLANG_WARN_BLOCK_CAPTURE_AUTORELEASING = YES;
				CLANG_WARN_BOOL_CONVERSION = YES;
				CLANG_WARN_COMMA = YES;
				CLANG_WARN_CONSTANT_CONVERSION = YES;
				CLANG_WARN_DIRECT_OBJC_ISA_USAGE = YES_ERROR;
				CLANG_WARN_DOCUMENTATION_COMMENTS = YES;
				CLANG_WARN_EMPTY_BODY = YES;
				CLANG_WARN_ENUM_CONVERSION = YES;
				CLANG_WARN_INFINITE_RECURSION = YES;
				CLANG_WARN_INT_CONVERSION = YES;
				CLANG_WARN_NON_LITERAL_NULL_CONVERSION = YES;
				CLANG_WARN_OBJC_LITERAL_CONVERSION = YES;
				CLANG_WARN_OBJC_ROOT_CLASS = YES_ERROR;
				CLANG_WARN_RANGE_LOOP_ANALYSIS = YES;
				CLANG_WARN_STRICT_PROTOTYPES = YES;
				CLANG_WARN_SUSPICIOUS_MOVE = YES;
				CLANG_WARN_UNGUARDED_AVAILABILITY = YES_AGGRESSIVE;
				CLANG_WARN_UNREACHABLE_CODE = YES;
				CLANG_WARN__DUPLICATE_METHOD_MATCH = YES;
				CODE_SIGN_IDENTITY = "iPhone Developer";
				COPY_PHASE_STRIP = NO;
				DEBUG_INFORMATION_FORMAT = dwarf;
				ENABLE_STRICT_OBJC_MSGSEND = YES;
				ENABLE_TESTABILITY = YES;
				GCC_C_LANGUAGE_STANDARD = gnu11;
				GCC_DYNAMIC_NO_PIC = NO;
				GCC_NO_COMMON_BLOCKS = YES;
				GCC_OPTIMIZATION_LEVEL = 0;
				GCC_PREPROCESSOR_DEFINITIONS = (
					"DEBUG=1",
					"$(inherited)",
				);
				GCC_WARN_64_TO_32_BIT_CONVERSION = YES;
				GCC_WARN_ABOUT_RETURN_TYPE = YES_ERROR;
				GCC_WARN_UNDECLARED_SELECTOR = YES;
				GCC_WARN_UNINITIALIZED_AUTOS = YES_AGGRESSIVE;
				GCC_WARN_UNUSED_FUNCTION = YES;
				GCC_WARN_UNUSED_VARIABLE = YES;
				IPHONEOS_DEPLOYMENT_TARGET = 11.2;
				MTL_ENABLE_DEBUG_INFO = YES;
				ONLY_ACTIVE_ARCH = YES;
				SDKROOT = iphoneos;
				SWIFT_ACTIVE_COMPILATION_CONDITIONS = DEBUG;
				SWIFT_OPTIMIZATION_LEVEL = "-Onone";
			};
			name = Debug;
		};
		908A5DEC20364E400039A0B8 /* Release */ = {
			isa = XCBuildConfiguration;
			buildSettings = {
				ALWAYS_SEARCH_USER_PATHS = NO;
				CLANG_ANALYZER_NONNULL = YES;
				CLANG_ANALYZER_NUMBER_OBJECT_CONVERSION = YES_AGGRESSIVE;
				CLANG_CXX_LANGUAGE_STANDARD = "gnu++14";
				CLANG_CXX_LIBRARY = "libc++";
				CLANG_ENABLE_MODULES = YES;
				CLANG_ENABLE_OBJC_ARC = YES;
				CLANG_WARN_BLOCK_CAPTURE_AUTORELEASING = YES;
				CLANG_WARN_BOOL_CONVERSION = YES;
				CLANG_WARN_COMMA = YES;
				CLANG_WARN_CONSTANT_CONVERSION = YES;
				CLANG_WARN_DIRECT_OBJC_ISA_USAGE = YES_ERROR;
				CLANG_WARN_DOCUMENTATION_COMMENTS = YES;
				CLANG_WARN_EMPTY_BODY = YES;
				CLANG_WARN_ENUM_CONVERSION = YES;
				CLANG_WARN_INFINITE_RECURSION = YES;
				CLANG_WARN_INT_CONVERSION = YES;
				CLANG_WARN_NON_LITERAL_NULL_CONVERSION = YES;
				CLANG_WARN_OBJC_LITERAL_CONVERSION = YES;
				CLANG_WARN_OBJC_ROOT_CLASS = YES_ERROR;
				CLANG_WARN_RANGE_LOOP_ANALYSIS = YES;
				CLANG_WARN_STRICT_PROTOTYPES = YES;
				CLANG_WARN_SUSPICIOUS_MOVE = YES;
				CLANG_WARN_UNGUARDED_AVAILABILITY = YES_AGGRESSIVE;
				CLANG_WARN_UNREACHABLE_CODE = YES;
				CLANG_WARN__DUPLICATE_METHOD_MATCH = YES;
				CODE_SIGN_IDENTITY = "iPhone Developer";
				COPY_PHASE_STRIP = NO;
				DEBUG_INFORMATION_FORMAT = "dwarf-with-dsym";
				ENABLE_NS_ASSERTIONS = NO;
				ENABLE_STRICT_OBJC_MSGSEND = YES;
				GCC_C_LANGUAGE_STANDARD = gnu11;
				GCC_NO_COMMON_BLOCKS = YES;
				GCC_WARN_64_TO_32_BIT_CONVERSION = YES;
				GCC_WARN_ABOUT_RETURN_TYPE = YES_ERROR;
				GCC_WARN_UNDECLARED_SELECTOR = YES;
				GCC_WARN_UNINITIALIZED_AUTOS = YES_AGGRESSIVE;
				GCC_WARN_UNUSED_FUNCTION = YES;
				GCC_WARN_UNUSED_VARIABLE = YES;
				IPHONEOS_DEPLOYMENT_TARGET = 11.2;
				MTL_ENABLE_DEBUG_INFO = NO;
				SDKROOT = iphoneos;
				SWIFT_OPTIMIZATION_LEVEL = "-Owholemodule";
				VALIDATE_PRODUCT = YES;
			};
			name = Release;
		};
		908A5DEE20364E400039A0B8 /* Debug */ = {
			isa = XCBuildConfiguration;
			buildSettings = {
				ASSETCATALOG_COMPILER_APPICON_NAME = AppIcon;
				CODE_SIGN_STYLE = Automatic;
				DEVELOPMENT_TEAM = EP9GA36X8K;
				INFOPLIST_FILE = CompanyList/Info.plist;
				LD_RUNPATH_SEARCH_PATHS = "$(inherited) @executable_path/Frameworks";
				PRODUCT_BUNDLE_IDENTIFIER = projects.jonathan.CompanyList;
				PRODUCT_NAME = "$(TARGET_NAME)";
				SWIFT_VERSION = 4.0;
				TARGETED_DEVICE_FAMILY = "1,2";
			};
			name = Debug;
		};
		908A5DEF20364E400039A0B8 /* Release */ = {
			isa = XCBuildConfiguration;
			buildSettings = {
				ASSETCATALOG_COMPILER_APPICON_NAME = AppIcon;
				CODE_SIGN_STYLE = Automatic;
				DEVELOPMENT_TEAM = EP9GA36X8K;
				INFOPLIST_FILE = CompanyList/Info.plist;
				LD_RUNPATH_SEARCH_PATHS = "$(inherited) @executable_path/Frameworks";
				PRODUCT_BUNDLE_IDENTIFIER = projects.jonathan.CompanyList;
				PRODUCT_NAME = "$(TARGET_NAME)";
				SWIFT_VERSION = 4.0;
				TARGETED_DEVICE_FAMILY = "1,2";
			};
			name = Release;
		};
/* End XCBuildConfiguration section */

/* Begin XCConfigurationList section */
		908A5DD620364E400039A0B8 /* Build configuration list for PBXProject "CompanyList" */ = {
			isa = XCConfigurationList;
			buildConfigurations = (
				908A5DEB20364E400039A0B8 /* Debug */,
				908A5DEC20364E400039A0B8 /* Release */,
			);
			defaultConfigurationIsVisible = 0;
			defaultConfigurationName = Release;
		};
		908A5DED20364E400039A0B8 /* Build configuration list for PBXNativeTarget "CompanyList" */ = {
			isa = XCConfigurationList;
			buildConfigurations = (
				908A5DEE20364E400039A0B8 /* Debug */,
				908A5DEF20364E400039A0B8 /* Release */,
			);
			defaultConfigurationIsVisible = 0;
			defaultConfigurationName = Release;
		};
/* End XCConfigurationList section */

/* Begin XCVersionGroup section */
		9036BA48203745E60067C4CE /* CompanyListModels.xcdatamodeld */ = {
			isa = XCVersionGroup;
			children = (
				9036BA49203745E60067C4CE /* CompanyListModels.xcdatamodel */,
			);
			currentVersion = 9036BA49203745E60067C4CE /* CompanyListModels.xcdatamodel */;
			path = CompanyListModels.xcdatamodeld;
			sourceTree = "<group>";
			versionGroupType = wrapper.xcdatamodel;
		};
/* End XCVersionGroup section */
	};
	rootObject = 908A5DD320364E400039A0B8 /* Project object */;
}
